
Microsoft Visual Studio Solution File, Format Version 12.00
# Visual Studio Version 16
VisualStudioVersion = 16.0.30804.86
MinimumVisualStudioVersion = 10.0.40219.1
Project("{FAE04EC0-301F-11D3-BF4B-00C04F79EFBC}") = "CRUD Cadastro", "CRUD Cadastro\CRUD Cadastro.csproj", "{846E67A2-03C8-4969-8F90-F119AD86B448}"
EndProject
Global
	GlobalSection(SolutionConfigurationPlatforms) = preSolution
		Debug|Any CPU = Debug|Any CPU
		Release|Any CPU = Release|Any CPU
	EndGlobalSection
	GlobalSection(ProjectConfigurationPlatforms) = postSolution
		{846E67A2-03C8-4969-8F90-F119AD86B448}.Debug|Any CPU.ActiveCfg = Debug|Any CPU
		{846E67A2-03C8-4969-8F90-F119AD86B448}.Debug|Any CPU.Build.0 = Debug|Any CPU
		{846E67A2-03C8-4969-8F90-F119AD86B448}.Release|Any CPU.ActiveCfg = Release|Any CPU
		{846E67A2-03C8-4969-8F90-F119AD86B448}.Release|Any CPU.Build.0 = Release|Any CPU
	EndGlobalSection
	GlobalSection(SolutionProperties) = preSolution
		HideSolutionNode = FALSE
	EndGlobalSection
	GlobalSection(ExtensibilityGlobals) = postSolution
		SolutionGuid = {CF74F58B-EEE3-4F62-8969-01AB979FCFD2}
	EndGlobalSection
EndGlobal
